
Microsoft Visual Studio Solution File, Format Version 12.00
# Visual Studio Version 16
VisualStudioVersion = 16.0.31410.357
MinimumVisualStudioVersion = 10.0.40219.1
Project("{2150E333-8FDC-42A3-9474-1A3956D46DE8}") = "Clients", "Clients", "{2953D257-F59F-456E-83DE-464BF9D31A2E}"
EndProject
Project("{2150E333-8FDC-42A3-9474-1A3956D46DE8}") = "Server", "Server", "{7E81B53F-A3A4-433D-8CAD-6E5053ED0076}"
EndProject
Project("{9A19103F-16F7-4668-BE54-9A1E7A4F7556}") = "MeterReaderLib", "Server\MeterReaderLib\MeterReaderLib.csproj", "{B59F7102-D278-4F92-95A4-D77CB55D2ED1}"
EndProject
Project("{9A19103F-16F7-4668-BE54-9A1E7A4F7556}") = "MeterReaderWeb", "Server\MeterReaderWeb\MeterReaderWeb.csproj", "{EBA74C48-2293-4E36-8609-06FDCF03380C}"
EndProject
Project("{9A19103F-16F7-4668-BE54-9A1E7A4F7556}") = "MeterReaderClient", "Clients\MeterReaderClient\MeterReaderClient.csproj", "{10D4C1B9-3FFD-4064-9E15-6EC367D38A50}"
EndProject
Project("{888888A0-9F3D-457C-B088-3A5042F75D52}") = "Clients", "Clients\Clients.pyproj", "{74AFBF71-E58B-4353-9809-EA8618B29406}"
EndProject
Global
	GlobalSection(SolutionConfigurationPlatforms) = preSolution
		Debug|Any CPU = Debug|Any CPU
		Release|Any CPU = Release|Any CPU
	EndGlobalSection
	GlobalSection(ProjectConfigurationPlatforms) = postSolution
		{B59F7102-D278-4F92-95A4-D77CB55D2ED1}.Debug|Any CPU.ActiveCfg = Debug|Any CPU
		{B59F7102-D278-4F92-95A4-D77CB55D2ED1}.Debug|Any CPU.Build.0 = Debug|Any CPU
		{B59F7102-D278-4F92-95A4-D77CB55D2ED1}.Release|Any CPU.ActiveCfg = Release|Any CPU
		{B59F7102-D278-4F92-95A4-D77CB55D2ED1}.Release|Any CPU.Build.0 = Release|Any CPU
		{EBA74C48-2293-4E36-8609-06FDCF03380C}.Debug|Any CPU.ActiveCfg = Debug|Any CPU
		{EBA74C48-2293-4E36-8609-06FDCF03380C}.Debug|Any CPU.Build.0 = Debug|Any CPU
		{EBA74C48-2293-4E36-8609-06FDCF03380C}.Release|Any CPU.ActiveCfg = Release|Any CPU
		{EBA74C48-2293-4E36-8609-06FDCF03380C}.Release|Any CPU.Build.0 = Release|Any CPU
		{10D4C1B9-3FFD-4064-9E15-6EC367D38A50}.Debug|Any CPU.ActiveCfg = Debug|Any CPU
		{10D4C1B9-3FFD-4064-9E15-6EC367D38A50}.Debug|Any CPU.Build.0 = Debug|Any CPU
		{10D4C1B9-3FFD-4064-9E15-6EC367D38A50}.Release|Any CPU.ActiveCfg = Release|Any CPU
		{10D4C1B9-3FFD-4064-9E15-6EC367D38A50}.Release|Any CPU.Build.0 = Release|Any CPU
		{74AFBF71-E58B-4353-9809-EA8618B29406}.Debug|Any CPU.ActiveCfg = Debug|Any CPU
		{74AFBF71-E58B-4353-9809-EA8618B29406}.Release|Any CPU.ActiveCfg = Release|Any CPU
	EndGlobalSection
	GlobalSection(SolutionProperties) = preSolution
		HideSolutionNode = FALSE
	EndGlobalSection
	GlobalSection(NestedProjects) = preSolution
		{B59F7102-D278-4F92-95A4-D77CB55D2ED1} = {7E81B53F-A3A4-433D-8CAD-6E5053ED0076}
		{EBA74C48-2293-4E36-8609-06FDCF03380C} = {7E81B53F-A3A4-433D-8CAD-6E5053ED0076}
		{10D4C1B9-3FFD-4064-9E15-6EC367D38A50} = {2953D257-F59F-456E-83DE-464BF9D31A2E}
		{74AFBF71-E58B-4353-9809-EA8618B29406} = {2953D257-F59F-456E-83DE-464BF9D31A2E}
	EndGlobalSection
	GlobalSection(ExtensibilityGlobals) = postSolution
		SolutionGuid = {73EE4F8E-3631-4078-98B2-17AB6187EB18}
	EndGlobalSection
EndGlobal
